<?xml version="1.0"?>
<Project ToolsVersion="4.0" xmlns="http://schemas.microsoft.com/developer/msbuild/2003">
	<ItemGroup>
		<ClCompile Include="src\ofApp.cpp">
			<Filter>src</Filter>
		</ClCompile>
		<ClCompile Include="src\main.cpp">
			<Filter>src</Filter>
		</ClCompile>
		<ClCompile Include="src\Private\Config\Config.cpp">
			<Filter>src\Private\Config</Filter>
		</ClCompile>
		<ClCompile Include="src\Private\Controller\Player.cpp">
			<Filter>src\Private\Controller</Filter>
		</ClCompile>
		<ClCompile Include="src\Private\Engine\EventManager.cpp">
			<Filter>src\Private\Engine</Filter>
		</ClCompile>
		<ClCompile Include="src\Private\Engine\GameWorld.cpp">
			<Filter>src\Private\Engine</Filter>
		</ClCompile>
		<ClCompile Include="src\Private\Engine\InputSystem.cpp">
			<Filter>src\Private\Engine</Filter>
		</ClCompile>
		<ClCompile Include="src\Private\Engine\KeyboardEvent.cpp">
			<Filter>src\Private\Engine</Filter>
		</ClCompile>
		<ClCompile Include="src\Private\Engine\MouseEvent.cpp">
			<Filter>src\Private\Engine</Filter>
		</ClCompile>
		<ClCompile Include="src\Private\Math\Vector3D.cpp">
			<Filter>src\Private\Math</Filter>
		</ClCompile>
		<ClCompile Include="src\Private\Particle\Animations\AnimationExplosionSystem.cpp">
			<Filter>src\Private\Particle\Animations</Filter>
		</ClCompile>
		<ClCompile Include="src\Private\Particle\Animations\AnimationSystem.cpp">
			<Filter>src\Private\Particle\Animations</Filter>
		</ClCompile>
		<ClCompile Include="src\Private\Particle\Animations\AnimationTrailsSystem.cpp">
			<Filter>src\Private\Particle\Animations</Filter>
		</ClCompile>
		<ClCompile Include="src\Private\Particle\BlobParticle.cpp">
			<Filter>src\Private\Particle</Filter>
		</ClCompile>
		<ClCompile Include="src\Private\Particle\Particle.cpp">
			<Filter>src\Private\Particle</Filter>
		</ClCompile>
		<ClCompile Include="src\Private\Particle\ParticleFireball.cpp">
			<Filter>src\Private\Particle</Filter>
		</ClCompile>
		<ClCompile Include="src\Private\Particle\ParticleFirework.cpp">
			<Filter>src\Private\Particle</Filter>
		</ClCompile>
		<ClCompile Include="src\Private\Particle\ParticleLaser.cpp">
			<Filter>src\Private\Particle</Filter>
		</ClCompile>
		<ClCompile Include="src\Private\Particle\ParticleSparksTrails.cpp">
			<Filter>src\Private\Particle</Filter>
		</ClCompile>
		<ClCompile Include="src\Private\Particle\ParticleSystem\ParticleSystem.cpp">
			<Filter>src\Private\Particle\ParticleSystem</Filter>
		</ClCompile>
		<ClCompile Include="src\main.cpp">
			<Filter>src</Filter>
		</ClCompile>
		<ClCompile Include="src\ofApp.cpp">
			<Filter>src</Filter>
		</ClCompile>
		<ClCompile Include="..\..\..\addons\ofxGui\src\ofxBaseGui.cpp">
			<Filter>addons\ofxGui\src</Filter>
		</ClCompile>
		<ClCompile Include="..\..\..\addons\ofxGui\src\ofxButton.cpp">
			<Filter>addons\ofxGui\src</Filter>
		</ClCompile>
		<ClCompile Include="..\..\..\addons\ofxGui\src\ofxColorPicker.cpp">
			<Filter>addons\ofxGui\src</Filter>
		</ClCompile>
		<ClCompile Include="..\..\..\addons\ofxGui\src\ofxGuiGroup.cpp">
			<Filter>addons\ofxGui\src</Filter>
		</ClCompile>
		<ClCompile Include="..\..\..\addons\ofxGui\src\ofxInputField.cpp">
			<Filter>addons\ofxGui\src</Filter>
		</ClCompile>
		<ClCompile Include="..\..\..\addons\ofxGui\src\ofxLabel.cpp">
			<Filter>addons\ofxGui\src</Filter>
		</ClCompile>
		<ClCompile Include="..\..\..\addons\ofxGui\src\ofxPanel.cpp">
			<Filter>addons\ofxGui\src</Filter>
		</ClCompile>
		<ClCompile Include="..\..\..\addons\ofxGui\src\ofxSlider.cpp">
			<Filter>addons\ofxGui\src</Filter>
		</ClCompile>
		<ClCompile Include="..\..\..\addons\ofxGui\src\ofxSliderGroup.cpp">
			<Filter>addons\ofxGui\src</Filter>
		</ClCompile>
		<ClCompile Include="..\..\..\addons\ofxGui\src\ofxToggle.cpp">
			<Filter>addons\ofxGui\src</Filter>
		</ClCompile>
	</ItemGroup>
	<ItemGroup>
		<Filter Include="src">
			<UniqueIdentifier>{d8376475-7454-4a24-b08a-aac121d3ad6f}</UniqueIdentifier>
		</Filter>
		<Filter Include="src\Private">
			<UniqueIdentifier>{3D852454--61C-B-40-E7-A-88A-9346611BDDE3}</UniqueIdentifier>
		</Filter>
		<Filter Include="src\Private\Config">
			<UniqueIdentifier>{B34911E6--A0C-9-40-97-A-DBC-60874ECE7785}</UniqueIdentifier>
		</Filter>
		<Filter Include="src\Private\Controller">
			<UniqueIdentifier>{CC7C1231--F0B-5-4D-08-8-79C-3F793517B114}</UniqueIdentifier>
		</Filter>
		<Filter Include="src\Private\Engine">
			<UniqueIdentifier>{D8C3778D--793-E-4E-E9-A-142-091C50E988ED}</UniqueIdentifier>
		</Filter>
		<Filter Include="src\Private\Engine\Interfaces">
			<UniqueIdentifier>{C05AF1DD--6B0-0-4B-CB-B-967-7C7292DCE27F}</UniqueIdentifier>
		</Filter>
		<Filter Include="src\Private\Math">
			<UniqueIdentifier>{427E06DA--B89-9-49-68-B-7FF-1CD489A5CF56}</UniqueIdentifier>
		</Filter>
		<Filter Include="src\Private\Particle">
			<UniqueIdentifier>{7D8AF3EA--C9B-2-42-9F-9-DB3-57758C87B35B}</UniqueIdentifier>
		</Filter>
		<Filter Include="src\Private\Particle\Animations">
			<UniqueIdentifier>{CDE3A850--E95-2-4A-FE-B-54B-E545B7A6FBB4}</UniqueIdentifier>
		</Filter>
		<Filter Include="src\Private\Particle\ParticleSystem">
			<UniqueIdentifier>{9EB9A003--FF8-4-45-4A-A-FA6-C030DC9D6E23}</UniqueIdentifier>
		</Filter>
		<Filter Include="src\Public">
			<UniqueIdentifier>{3D568D4E--657-7-42-D9-9-A2C-17D19BC4D60D}</UniqueIdentifier>
		</Filter>
		<Filter Include="src\Public\Config">
			<UniqueIdentifier>{ABC2D54C--2E1-C-41-0E-9-8FB-BE4CC9388C7B}</UniqueIdentifier>
		</Filter>
		<Filter Include="src\Public\Controller">
			<UniqueIdentifier>{372E507A--5C7-B-4E-EB-A-BF5-4749D8730D01}</UniqueIdentifier>
		</Filter>
		<Filter Include="src\Public\Engine">
			<UniqueIdentifier>{F2C61BBA--123-8-40-C8-8-AF1-9840507D688E}</UniqueIdentifier>
		</Filter>
		<Filter Include="src\Public\Math">
			<UniqueIdentifier>{799CB4FF--3E2-1-47-09-B-BB2-D7BE7535CA5B}</UniqueIdentifier>
		</Filter>
		<Filter Include="src\Public\Particle">
			<UniqueIdentifier>{4BAD20D2--479-8-47-BF-B-C76-A83258A1FD92}</UniqueIdentifier>
		</Filter>
		<Filter Include="src\Public\Particle\Animations">
			<UniqueIdentifier>{6CDC2689--D91-B-47-04-B-FB7-F01158837A96}</UniqueIdentifier>
		</Filter>
		<Filter Include="src\Public\Particle\ParticleSystem">
			<UniqueIdentifier>{04C56B32--92C-5-47-ED-A-403-D5DF09E245C5}</UniqueIdentifier>
		</Filter>
		<Filter Include="addons">
			<UniqueIdentifier>{B5F4576F--E67-E-4C-33-A-5BA-7E66E5E9C825}</UniqueIdentifier>
		</Filter>
		<Filter Include="addons\ofxGui">
			<UniqueIdentifier>{7B9F9A0E--731-D-42-EA-8-A0B-5E2F09BD6CE4}</UniqueIdentifier>
		</Filter>
		<Filter Include="addons\ofxGui\src">
			<UniqueIdentifier>{6518D71A--EF8-D-40-66-9-597-6E757643725D}</UniqueIdentifier>
		</Filter>
	</ItemGroup>
	<ItemGroup>
		<ClInclude Include="src\ofApp.h">
			<Filter>src</Filter>
		</ClInclude>
		<ClInclude Include="src\Private\Engine\Interfaces\GameObject.h">
			<Filter>src\Private\Engine\Interfaces</Filter>
		</ClInclude>
		<ClInclude Include="src\Public\Config\Config.h">
			<Filter>src\Public\Config</Filter>
		</ClInclude>
		<ClInclude Include="src\Public\Controller\Player.h">
			<Filter>src\Public\Controller</Filter>
		</ClInclude>
		<ClInclude Include="src\Public\Engine\EventManager.h">
			<Filter>src\Public\Engine</Filter>
		</ClInclude>
		<ClInclude Include="src\Public\Engine\GameWorld.h">
			<Filter>src\Public\Engine</Filter>
		</ClInclude>
		<ClInclude Include="src\Public\Engine\InputSystem.h">
			<Filter>src\Public\Engine</Filter>
		</ClInclude>
		<ClInclude Include="src\Public\Engine\KeyboardEvent.h">
			<Filter>src\Public\Engine</Filter>
		</ClInclude>
		<ClInclude Include="src\Public\Engine\MouseEvent.h">
			<Filter>src\Public\Engine</Filter>
		</ClInclude>
		<ClInclude Include="src\Public\Math\Vector3D.h">
			<Filter>src\Public\Math</Filter>
		</ClInclude>
		<ClInclude Include="src\Public\Particle\Animations\AnimationExplosionSystem.h">
			<Filter>src\Public\Particle\Animations</Filter>
		</ClInclude>
		<ClInclude Include="src\Public\Particle\Animations\AnimationSystem.h">
			<Filter>src\Public\Particle\Animations</Filter>
		</ClInclude>
		<ClInclude Include="src\Public\Particle\Animations\AnimationTrailsSystem.h">
			<Filter>src\Public\Particle\Animations</Filter>
		</ClInclude>
		<ClInclude Include="src\Public\Particle\BlobParticle.h">
			<Filter>src\Public\Particle</Filter>
		</ClInclude>
		<ClInclude Include="src\Public\Particle\Particle.h">
			<Filter>src\Public\Particle</Filter>
		</ClInclude>
		<ClInclude Include="src\Public\Particle\ParticleFireball.h">
			<Filter>src\Public\Particle</Filter>
		</ClInclude>
		<ClInclude Include="src\Public\Particle\ParticleFirework.h">
			<Filter>src\Public\Particle</Filter>
		</ClInclude>
		<ClInclude Include="src\Public\Particle\ParticleLaser.h">
			<Filter>src\Public\Particle</Filter>
		</ClInclude>
		<ClInclude Include="src\Public\Particle\ParticleSparksTrails.h">
			<Filter>src\Public\Particle</Filter>
		</ClInclude>
		<ClInclude Include="src\Public\Particle\ParticleSystem\ParticleSystem.h">
			<Filter>src\Public\Particle\ParticleSystem</Filter>
		</ClInclude>
		<ClInclude Include="src\ofApp.h">
			<Filter>src</Filter>
		</ClInclude>
		<ClInclude Include="..\..\..\addons\ofxGui\src\ofxBaseGui.h">
			<Filter>addons\ofxGui\src</Filter>
		</ClInclude>
		<ClInclude Include="..\..\..\addons\ofxGui\src\ofxButton.h">
			<Filter>addons\ofxGui\src</Filter>
		</ClInclude>
		<ClInclude Include="..\..\..\addons\ofxGui\src\ofxColorPicker.h">
			<Filter>addons\ofxGui\src</Filter>
		</ClInclude>
		<ClInclude Include="..\..\..\addons\ofxGui\src\ofxGui.h">
			<Filter>addons\ofxGui\src</Filter>
		</ClInclude>
		<ClInclude Include="..\..\..\addons\ofxGui\src\ofxGuiGroup.h">
			<Filter>addons\ofxGui\src</Filter>
		</ClInclude>
		<ClInclude Include="..\..\..\addons\ofxGui\src\ofxGuiUtils.h">
			<Filter>addons\ofxGui\src</Filter>
		</ClInclude>
		<ClInclude Include="..\..\..\addons\ofxGui\src\ofxInputField.h">
			<Filter>addons\ofxGui\src</Filter>
		</ClInclude>
		<ClInclude Include="..\..\..\addons\ofxGui\src\ofxLabel.h">
			<Filter>addons\ofxGui\src</Filter>
		</ClInclude>
		<ClInclude Include="..\..\..\addons\ofxGui\src\ofxPanel.h">
			<Filter>addons\ofxGui\src</Filter>
		</ClInclude>
		<ClInclude Include="..\..\..\addons\ofxGui\src\ofxSlider.h">
			<Filter>addons\ofxGui\src</Filter>
		</ClInclude>
		<ClInclude Include="..\..\..\addons\ofxGui\src\ofxSliderGroup.h">
			<Filter>addons\ofxGui\src</Filter>
		</ClInclude>
		<ClInclude Include="..\..\..\addons\ofxGui\src\ofxToggle.h">
			<Filter>addons\ofxGui\src</Filter>
		</ClInclude>
	</ItemGroup>
	<ItemGroup>
		<ResourceCompile Include="icon.rc" />
	</ItemGroup>
</Project>
